// !$*UTF8*$!
{
	archiveVersion = 1;
	classes = {
	};
	objectVersion = 50;
	objects = {

/* Begin PBXBuildFile section */
		A47C6F90230EF2F10070F82F /* AppDelegate.swift in Sources */ = {isa = PBXBuildFile; fileRef = A47C6F8F230EF2F10070F82F /* AppDelegate.swift */; };
		A47C6F92230EF2F10070F82F /* SceneDelegate.swift in Sources */ = {isa = PBXBuildFile; fileRef = A47C6F91230EF2F10070F82F /* SceneDelegate.swift */; };
		A47C6F94230EF2F10070F82F /* ProfileView.swift in Sources */ = {isa = PBXBuildFile; fileRef = A47C6F93230EF2F10070F82F /* ProfileView.swift */; };
		A47C6F96230EF2F20070F82F /* Assets.xcassets in Resources */ = {isa = PBXBuildFile; fileRef = A47C6F95230EF2F20070F82F /* Assets.xcassets */; };
		A47C6F99230EF2F20070F82F /* Preview Assets.xcassets in Resources */ = {isa = PBXBuildFile; fileRef = A47C6F98230EF2F20070F82F /* Preview Assets.xcassets */; };
		A47C6F9C230EF2F20070F82F /* LaunchScreen.storyboard in Resources */ = {isa = PBXBuildFile; fileRef = A47C6F9A230EF2F20070F82F /* LaunchScreen.storyboard */; };
		A47C6FA5230F12780070F82F /* Home.swift in Sources */ = {isa = PBXBuildFile; fileRef = A47C6FA4230F12780070F82F /* Home.swift */; };
		A47C6FA7230F291D0070F82F /* HomeList.swift in Sources */ = {isa = PBXBuildFile; fileRef = A47C6FA6230F291D0070F82F /* HomeList.swift */; };
		A47C6FA9230F42BB0070F82F /* BlurView.swift in Sources */ = {isa = PBXBuildFile; fileRef = A47C6FA8230F42BB0070F82F /* BlurView.swift */; };
		A47C6FAD230F59A10070F82F /* DataStore.swift in Sources */ = {isa = PBXBuildFile; fileRef = A47C6FAC230F59A10070F82F /* DataStore.swift */; };
		A47C6FAF230F59ED0070F82F /* Models.swift in Sources */ = {isa = PBXBuildFile; fileRef = A47C6FAE230F59ED0070F82F /* Models.swift */; };
		A47C6FB1230F5A240070F82F /* MenuCategoryCard.swift in Sources */ = {isa = PBXBuildFile; fileRef = A47C6FB0230F5A240070F82F /* MenuCategoryCard.swift */; };
		A47C6FBC230F64180070F82F /* MenuView.swift in Sources */ = {isa = PBXBuildFile; fileRef = A47C6FBB230F64180070F82F /* MenuView.swift */; };
		A47C6FBE230F65040070F82F /* MenuDetail.swift in Sources */ = {isa = PBXBuildFile; fileRef = A47C6FBD230F65040070F82F /* MenuDetail.swift */; };
		A47C6FC2230F652D0070F82F /* Item.swift in Sources */ = {isa = PBXBuildFile; fileRef = A47C6FC1230F652D0070F82F /* Item.swift */; };
		A47C6FC4230F67090070F82F /* Items.swift in Sources */ = {isa = PBXBuildFile; fileRef = A47C6FC3230F67090070F82F /* Items.swift */; };
		A47C6FC6230F71B60070F82F /* Double+Money.swift in Sources */ = {isa = PBXBuildFile; fileRef = A47C6FC5230F71B60070F82F /* Double+Money.swift */; };
		A47C6FC8230F78A00070F82F /* MenuStore.swift in Sources */ = {isa = PBXBuildFile; fileRef = A47C6FC7230F78A00070F82F /* MenuStore.swift */; };
		A4C550DD230F86A200D324E3 /* TabbedView.swift in Sources */ = {isa = PBXBuildFile; fileRef = A4C550DC230F86A200D324E3 /* TabbedView.swift */; };
/* End PBXBuildFile section */

/* Begin PBXFileReference section */
		A47C6F8C230EF2F10070F82F /* Coffee.app */ = {isa = PBXFileReference; explicitFileType = wrapper.application; includeInIndex = 0; path = Coffee.app; sourceTree = BUILT_PRODUCTS_DIR; };
		A47C6F8F230EF2F10070F82F /* AppDelegate.swift */ = {isa = PBXFileReference; lastKnownFileType = sourcecode.swift; path = AppDelegate.swift; sourceTree = "<group>"; };
		A47C6F91230EF2F10070F82F /* SceneDelegate.swift */ = {isa = PBXFileReference; lastKnownFileType = sourcecode.swift; path = SceneDelegate.swift; sourceTree = "<group>"; };
		A47C6F93230EF2F10070F82F /* ProfileView.swift */ = {isa = PBXFileReference; lastKnownFileType = sourcecode.swift; path = ProfileView.swift; sourceTree = "<group>"; };
		A47C6F95230EF2F20070F82F /* Assets.xcassets */ = {isa = PBXFileReference; lastKnownFileType = folder.assetcatalog; path = Assets.xcassets; sourceTree = "<group>"; };
		A47C6F98230EF2F20070F82F /* Preview Assets.xcassets */ = {isa = PBXFileReference; lastKnownFileType = folder.assetcatalog; path = "Preview Assets.xcassets"; sourceTree = "<group>"; };
		A47C6F9B230EF2F20070F82F /* Base */ = {isa = PBXFileReference; lastKnownFileType = file.storyboard; name = Base; path = Base.lproj/LaunchScreen.storyboard; sourceTree = "<group>"; };
		A47C6F9D230EF2F20070F82F /* Info.plist */ = {isa = PBXFileReference; lastKnownFileType = text.plist.xml; path = Info.plist; sourceTree = "<group>"; };
		A47C6FA4230F12780070F82F /* Home.swift */ = {isa = PBXFileReference; lastKnownFileType = sourcecode.swift; path = Home.swift; sourceTree = "<group>"; };
		A47C6FA6230F291D0070F82F /* HomeList.swift */ = {isa = PBXFileReference; lastKnownFileType = sourcecode.swift; path = HomeList.swift; sourceTree = "<group>"; };
		A47C6FA8230F42BB0070F82F /* BlurView.swift */ = {isa = PBXFileReference; lastKnownFileType = sourcecode.swift; path = BlurView.swift; sourceTree = "<group>"; };
		A47C6FAC230F59A10070F82F /* DataStore.swift */ = {isa = PBXFileReference; lastKnownFileType = sourcecode.swift; path = DataStore.swift; sourceTree = "<group>"; };
		A47C6FAE230F59ED0070F82F /* Models.swift */ = {isa = PBXFileReference; lastKnownFileType = sourcecode.swift; path = Models.swift; sourceTree = "<group>"; };
		A47C6FB0230F5A240070F82F /* MenuCategoryCard.swift */ = {isa = PBXFileReference; lastKnownFileType = sourcecode.swift; path = MenuCategoryCard.swift; sourceTree = "<group>"; };
		A47C6FBB230F64180070F82F /* MenuView.swift */ = {isa = PBXFileReference; lastKnownFileType = sourcecode.swift; path = MenuView.swift; sourceTree = "<group>"; };
		A47C6FBD230F65040070F82F /* MenuDetail.swift */ = {isa = PBXFileReference; lastKnownFileType = sourcecode.swift; path = MenuDetail.swift; sourceTree = "<group>"; };
		A47C6FC1230F652D0070F82F /* Item.swift */ = {isa = PBXFileReference; lastKnownFileType = sourcecode.swift; path = Item.swift; sourceTree = "<group>"; };
		A47C6FC3230F67090070F82F /* Items.swift */ = {isa = PBXFileReference; lastKnownFileType = sourcecode.swift; path = Items.swift; sourceTree = "<group>"; };
		A47C6FC5230F71B60070F82F /* Double+Money.swift */ = {isa = PBXFileReference; lastKnownFileType = sourcecode.swift; path = "Double+Money.swift"; sourceTree = "<group>"; };
		A47C6FC7230F78A00070F82F /* MenuStore.swift */ = {isa = PBXFileReference; lastKnownFileType = sourcecode.swift; path = MenuStore.swift; sourceTree = "<group>"; };
		A4C550DC230F86A200D324E3 /* TabbedView.swift */ = {isa = PBXFileReference; lastKnownFileType = sourcecode.swift; path = TabbedView.swift; sourceTree = "<group>"; };
/* End PBXFileReference section */

/* Begin PBXFrameworksBuildPhase section */
		A47C6F89230EF2F10070F82F /* Frameworks */ = {
			isa = PBXFrameworksBuildPhase;
			buildActionMask = 2147483647;
			files = (
			);
			runOnlyForDeploymentPostprocessing = 0;
		};
/* End PBXFrameworksBuildPhase section */

/* Begin PBXGroup section */
		A47C6F83230EF2F10070F82F = {
			isa = PBXGroup;
			children = (
				A47C6F8E230EF2F10070F82F /* Coffee */,
				A47C6F8D230EF2F10070F82F /* Products */,
			);
			sourceTree = "<group>";
		};
		A47C6F8D230EF2F10070F82F /* Products */ = {
			isa = PBXGroup;
			children = (
				A47C6F8C230EF2F10070F82F /* Coffee.app */,
			);
			name = Products;
			sourceTree = "<group>";
		};
		A47C6F8E230EF2F10070F82F /* Coffee */ = {
			isa = PBXGroup;
			children = (
				A47C6F8F230EF2F10070F82F /* AppDelegate.swift */,
				A47C6F91230EF2F10070F82F /* SceneDelegate.swift */,
				A4C550DC230F86A200D324E3 /* TabbedView.swift */,
				A47C6FB4230F629C0070F82F /* Views */,
				A47C6FB3230F62890070F82F /* Models */,
				A47C6FB2230F62800070F82F /* Data */,
				A47C6FB5230F62A90070F82F /* Extensions */,
				A47C6FA3230EF5A00070F82F /* Resources */,
				A47C6F97230EF2F20070F82F /* Preview Content */,
			);
			path = Coffee;
			sourceTree = "<group>";
		};
		A47C6F97230EF2F20070F82F /* Preview Content */ = {
			isa = PBXGroup;
			children = (
				A47C6F98230EF2F20070F82F /* Preview Assets.xcassets */,
			);
			path = "Preview Content";
			sourceTree = "<group>";
		};
		A47C6FA3230EF5A00070F82F /* Resources */ = {
			isa = PBXGroup;
			children = (
				A47C6F95230EF2F20070F82F /* Assets.xcassets */,
				A47C6F9A230EF2F20070F82F /* LaunchScreen.storyboard */,
				A47C6F9D230EF2F20070F82F /* Info.plist */,
			);
			path = Resources;
			sourceTree = "<group>";
		};
		A47C6FB2230F62800070F82F /* Data */ = {
			isa = PBXGroup;
			children = (
				A47C6FAC230F59A10070F82F /* DataStore.swift */,
				A47C6FC7230F78A00070F82F /* MenuStore.swift */,
				A47C6FC3230F67090070F82F /* Items.swift */,
			);
			path = Data;
			sourceTree = "<group>";
		};
		A47C6FB3230F62890070F82F /* Models */ = {
			isa = PBXGroup;
			children = (
				A47C6FAE230F59ED0070F82F /* Models.swift */,
				A47C6FC1230F652D0070F82F /* Item.swift */,
			);
			path = Models;
			sourceTree = "<group>";
		};
		A47C6FB4230F629C0070F82F /* Views */ = {
			isa = PBXGroup;
			children = (
				A47C6FB9230F632A0070F82F /* Home */,
				A47C6FB7230F63010070F82F /* Menu */,
				A47C6FB8230F631D0070F82F /* Profile */,
				A47C6FBA230F633E0070F82F /* Notifications */,
				A47C6FB6230F62F20070F82F /* Shared */,
			);
			path = Views;
			sourceTree = "<group>";
		};
		A47C6FB5230F62A90070F82F /* Extensions */ = {
			isa = PBXGroup;
			children = (
				A47C6FC5230F71B60070F82F /* Double+Money.swift */,
			);
			path = Extensions;
			sourceTree = "<group>";
		};
		A47C6FB6230F62F20070F82F /* Shared */ = {
			isa = PBXGroup;
			children = (
				A47C6FA8230F42BB0070F82F /* BlurView.swift */,
			);
			path = Shared;
			sourceTree = "<group>";
		};
		A47C6FB7230F63010070F82F /* Menu */ = {
			isa = PBXGroup;
			children = (
				A47C6FBB230F64180070F82F /* MenuView.swift */,
				A47C6FBD230F65040070F82F /* MenuDetail.swift */,
			);
			path = Menu;
			sourceTree = "<group>";
		};
		A47C6FB8230F631D0070F82F /* Profile */ = {
			isa = PBXGroup;
			children = (
				A47C6F93230EF2F10070F82F /* ProfileView.swift */,
			);
			path = Profile;
			sourceTree = "<group>";
		};
		A47C6FB9230F632A0070F82F /* Home */ = {
			isa = PBXGroup;
			children = (
				A47C6FA4230F12780070F82F /* Home.swift */,
				A47C6FA6230F291D0070F82F /* HomeList.swift */,
				A47C6FB0230F5A240070F82F /* MenuCategoryCard.swift */,
			);
			path = Home;
			sourceTree = "<group>";
		};
		A47C6FBA230F633E0070F82F /* Notifications */ = {
			isa = PBXGroup;
			children = (
			);
			path = Notifications;
			sourceTree = "<group>";
		};
/* End PBXGroup section */

/* Begin PBXNativeTarget section */
		A47C6F8B230EF2F10070F82F /* Coffee */ = {
			isa = PBXNativeTarget;
			buildConfigurationList = A47C6FA0230EF2F20070F82F /* Build configuration list for PBXNativeTarget "Coffee" */;
			buildPhases = (
				A47C6F88230EF2F10070F82F /* Sources */,
				A47C6F89230EF2F10070F82F /* Frameworks */,
				A47C6F8A230EF2F10070F82F /* Resources */,
			);
			buildRules = (
			);
			dependencies = (
			);
			name = Coffee;
			productName = Coffee;
			productReference = A47C6F8C230EF2F10070F82F /* Coffee.app */;
			productType = "com.apple.product-type.application";
		};
/* End PBXNativeTarget section */

/* Begin PBXProject section */
		A47C6F84230EF2F10070F82F /* Project object */ = {
			isa = PBXProject;
			attributes = {
				LastSwiftUpdateCheck = 1100;
				LastUpgradeCheck = 1100;
				ORGANIZATIONNAME = "Prudhvi Gadiraju";
				TargetAttributes = {
					A47C6F8B230EF2F10070F82F = {
						CreatedOnToolsVersion = 11.0;
					};
				};
			};
			buildConfigurationList = A47C6F87230EF2F10070F82F /* Build configuration list for PBXProject "Coffee" */;
			compatibilityVersion = "Xcode 9.3";
			developmentRegion = en;
			hasScannedForEncodings = 0;
			knownRegions = (
				en,
				Base,
			);
			mainGroup = A47C6F83230EF2F10070F82F;
			productRefGroup = A47C6F8D230EF2F10070F82F /* Products */;
			projectDirPath = "";
			projectRoot = "";
			targets = (
				A47C6F8B230EF2F10070F82F /* Coffee */,
			);
		};
/* End PBXProject section */

/* Begin PBXResourcesBuildPhase section */
		A47C6F8A230EF2F10070F82F /* Resources */ = {
			isa = PBXResourcesBuildPhase;
			buildActionMask = 2147483647;
			files = (
				A47C6F9C230EF2F20070F82F /* LaunchScreen.storyboard in Resources */,
				A47C6F99230EF2F20070F82F /* Preview Assets.xcassets in Resources */,
				A47C6F96230EF2F20070F82F /* Assets.xcassets in Resources */,
			);
			runOnlyForDeploymentPostprocessing = 0;
		};
/* End PBXResourcesBuildPhase section */

/* Begin PBXSourcesBuildPhase section */
		A47C6F88230EF2F10070F82F /* Sources */ = {
			isa = PBXSourcesBuildPhase;
			buildActionMask = 2147483647;
			files = (
				A47C6FBE230F65040070F82F /* MenuDetail.swift in Sources */,
				A47C6F90230EF2F10070F82F /* AppDelegate.swift in Sources */,
				A47C6FAD230F59A10070F82F /* DataStore.swift in Sources */,
				A47C6FA7230F291D0070F82F /* HomeList.swift in Sources */,
				A47C6F92230EF2F10070F82F /* SceneDelegate.swift in Sources */,
				A47C6FBC230F64180070F82F /* MenuView.swift in Sources */,
				A47C6FC4230F67090070F82F /* Items.swift in Sources */,
				A47C6FC6230F71B60070F82F /* Double+Money.swift in Sources */,
				A4C550DD230F86A200D324E3 /* TabbedView.swift in Sources */,
				A47C6FC2230F652D0070F82F /* Item.swift in Sources */,
				A47C6FB1230F5A240070F82F /* MenuCategoryCard.swift in Sources */,
				A47C6FC8230F78A00070F82F /* MenuStore.swift in Sources */,
				A47C6FA5230F12780070F82F /* Home.swift in Sources */,
				A47C6F94230EF2F10070F82F /* ProfileView.swift in Sources */,
				A47C6FA9230F42BB0070F82F /* BlurView.swift in Sources */,
				A47C6FAF230F59ED0070F82F /* Models.swift in Sources */,
			);
			runOnlyForDeploymentPostprocessing = 0;
		};
/* End PBXSourcesBuildPhase section */

/* Begin PBXVariantGroup section */
		A47C6F9A230EF2F20070F82F /* LaunchScreen.storyboard */ = {
			isa = PBXVariantGroup;
			children = (
				A47C6F9B230EF2F20070F82F /* Base */,
			);
			name = LaunchScreen.storyboard;
			sourceTree = "<group>";
		};
/* End PBXVariantGroup section */

/* Begin XCBuildConfiguration section */
		A47C6F9E230EF2F20070F82F /* Debug */ = {
			isa = XCBuildConfiguration;
			buildSettings = {
				ALWAYS_SEARCH_USER_PATHS = NO;
				CLANG_ANALYZER_NONNULL = YES;
				CLANG_ANALYZER_NUMBER_OBJECT_CONVERSION = YES_AGGRESSIVE;
				CLANG_CXX_LANGUAGE_STANDARD = "gnu++14";
				CLANG_CXX_LIBRARY = "libc++";
				CLANG_ENABLE_MODULES = YES;
				CLANG_ENABLE_OBJC_ARC = YES;
				CLANG_ENABLE_OBJC_WEAK = YES;
				CLANG_WARN_BLOCK_CAPTURE_AUTORELEASING = YES;
				CLANG_WARN_BOOL_CONVERSION = YES;
				CLANG_WARN_COMMA = YES;
				CLANG_WARN_CONSTANT_CONVERSION = YES;
				CLANG_WARN_DEPRECATED_OBJC_IMPLEMENTATIONS = YES;
				CLANG_WARN_DIRECT_OBJC_ISA_USAGE = YES_ERROR;
				CLANG_WARN_DOCUMENTATION_COMMENTS = YES;
				CLANG_WARN_EMPTY_BODY = YES;
				CLANG_WARN_ENUM_CONVERSION = YES;
				CLANG_WARN_INFINITE_RECURSION = YES;
				CLANG_WARN_INT_CONVERSION = YES;
				CLANG_WARN_NON_LITERAL_NULL_CONVERSION = YES;
				CLANG_WARN_OBJC_IMPLICIT_RETAIN_SELF = YES;
				CLANG_WARN_OBJC_LITERAL_CONVERSION = YES;
				CLANG_WARN_OBJC_ROOT_CLASS = YES_ERROR;
				CLANG_WARN_RANGE_LOOP_ANALYSIS = YES;
				CLANG_WARN_STRICT_PROTOTYPES = YES;
				CLANG_WARN_SUSPICIOUS_MOVE = YES;
				CLANG_WARN_UNGUARDED_AVAILABILITY = YES_AGGRESSIVE;
				CLANG_WARN_UNREACHABLE_CODE = YES;
				CLANG_WARN__DUPLICATE_METHOD_MATCH = YES;
				COPY_PHASE_STRIP = NO;
				DEBUG_INFORMATION_FORMAT = dwarf;
				ENABLE_STRICT_OBJC_MSGSEND = YES;
				ENABLE_TESTABILITY = YES;
				GCC_C_LANGUAGE_STANDARD = gnu11;
				GCC_DYNAMIC_NO_PIC = NO;
				GCC_NO_COMMON_BLOCKS = YES;
				GCC_OPTIMIZATION_LEVEL = 0;
				GCC_PREPROCESSOR_DEFINITIONS = (
					"DEBUG=1",
					"$(inherited)",
				);
				GCC_WARN_64_TO_32_BIT_CONVERSION = YES;
				GCC_WARN_ABOUT_RETURN_TYPE = YES_ERROR;
				GCC_WARN_UNDECLARED_SELECTOR = YES;
				GCC_WARN_UNINITIALIZED_AUTOS = YES_AGGRESSIVE;
				GCC_WARN_UNUSED_FUNCTION = YES;
				GCC_WARN_UNUSED_VARIABLE = YES;
				IPHONEOS_DEPLOYMENT_TARGET = 13.0;
				MTL_ENABLE_DEBUG_INFO = INCLUDE_SOURCE;
				MTL_FAST_MATH = YES;
				ONLY_ACTIVE_ARCH = YES;
				SDKROOT = iphoneos;
				SWIFT_ACTIVE_COMPILATION_CONDITIONS = DEBUG;
				SWIFT_OPTIMIZATION_LEVEL = "-Onone";
			};
			name = Debug;
		};
		A47C6F9F230EF2F20070F82F /* Release */ = {
			isa = XCBuildConfiguration;
			buildSettings = {
				ALWAYS_SEARCH_USER_PATHS = NO;
				CLANG_ANALYZER_NONNULL = YES;
				CLANG_ANALYZER_NUMBER_OBJECT_CONVERSION = YES_AGGRESSIVE;
				CLANG_CXX_LANGUAGE_STANDARD = "gnu++14";
				CLANG_CXX_LIBRARY = "libc++";
				CLANG_ENABLE_MODULES = YES;
				CLANG_ENABLE_OBJC_ARC = YES;
				CLANG_ENABLE_OBJC_WEAK = YES;
				CLANG_WARN_BLOCK_CAPTURE_AUTORELEASING = YES;
				CLANG_WARN_BOOL_CONVERSION = YES;
				CLANG_WARN_COMMA = YES;
				CLANG_WARN_CONSTANT_CONVERSION = YES;
				CLANG_WARN_DEPRECATED_OBJC_IMPLEMENTATIONS = YES;
				CLANG_WARN_DIRECT_OBJC_ISA_USAGE = YES_ERROR;
				CLANG_WARN_DOCUMENTATION_COMMENTS = YES;
				CLANG_WARN_EMPTY_BODY = YES;
				CLANG_WARN_ENUM_CONVERSION = YES;
				CLANG_WARN_INFINITE_RECURSION = YES;
				CLANG_WARN_INT_CONVERSION = YES;
				CLANG_WARN_NON_LITERAL_NULL_CONVERSION = YES;
				CLANG_WARN_OBJC_IMPLICIT_RETAIN_SELF = YES;
				CLANG_WARN_OBJC_LITERAL_CONVERSION = YES;
				CLANG_WARN_OBJC_ROOT_CLASS = YES_ERROR;
				CLANG_WARN_RANGE_LOOP_ANALYSIS = YES;
				CLANG_WARN_STRICT_PROTOTYPES = YES;
				CLANG_WARN_SUSPICIOUS_MOVE = YES;
				CLANG_WARN_UNGUARDED_AVAILABILITY = YES_AGGRESSIVE;
				CLANG_WARN_UNREACHABLE_CODE = YES;
				CLANG_WARN__DUPLICATE_METHOD_MATCH = YES;
				COPY_PHASE_STRIP = NO;
				DEBUG_INFORMATION_FORMAT = "dwarf-with-dsym";
				ENABLE_NS_ASSERTIONS = NO;
				ENABLE_STRICT_OBJC_MSGSEND = YES;
				GCC_C_LANGUAGE_STANDARD = gnu11;
				GCC_NO_COMMON_BLOCKS = YES;
				GCC_WARN_64_TO_32_BIT_CONVERSION = YES;
				GCC_WARN_ABOUT_RETURN_TYPE = YES_ERROR;
				GCC_WARN_UNDECLARED_SELECTOR = YES;
				GCC_WARN_UNINITIALIZED_AUTOS = YES_AGGRESSIVE;
				GCC_WARN_UNUSED_FUNCTION = YES;
				GCC_WARN_UNUSED_VARIABLE = YES;
				IPHONEOS_DEPLOYMENT_TARGET = 13.0;
				MTL_ENABLE_DEBUG_INFO = NO;
				MTL_FAST_MATH = YES;
				SDKROOT = iphoneos;
				SWIFT_COMPILATION_MODE = wholemodule;
				SWIFT_OPTIMIZATION_LEVEL = "-O";
				VALIDATE_PRODUCT = YES;
			};
			name = Release;
		};
		A47C6FA1230EF2F20070F82F /* Debug */ = {
			isa = XCBuildConfiguration;
			buildSettings = {
				ASSETCATALOG_COMPILER_APPICON_NAME = AppIcon;
				CODE_SIGN_STYLE = Automatic;
				DEVELOPMENT_ASSET_PATHS = "\"Coffee/Preview Content\"";
				DEVELOPMENT_TEAM = 4479HNAQMJ;
				ENABLE_PREVIEWS = YES;
				INFOPLIST_FILE = Coffee/Resources/Info.plist;
				IPHONEOS_DEPLOYMENT_TARGET = 13.0;
				LD_RUNPATH_SEARCH_PATHS = (
					"$(inherited)",
					"@executable_path/Frameworks",
				);
				PRODUCT_BUNDLE_IDENTIFIER = me.prudhvi.Coffee;
				PRODUCT_NAME = "$(TARGET_NAME)";
				SWIFT_VERSION = 5.0;
				TARGETED_DEVICE_FAMILY = "1,2";
			};
			name = Debug;
		};
		A47C6FA2230EF2F20070F82F /* Release */ = {
			isa = XCBuildConfiguration;
			buildSettings = {
				ASSETCATALOG_COMPILER_APPICON_NAME = AppIcon;
				CODE_SIGN_STYLE = Automatic;
				DEVELOPMENT_ASSET_PATHS = "\"Coffee/Preview Content\"";
				DEVELOPMENT_TEAM = 4479HNAQMJ;
				ENABLE_PREVIEWS = YES;
				INFOPLIST_FILE = Coffee/Resources/Info.plist;
				IPHONEOS_DEPLOYMENT_TARGET = 13.0;
				LD_RUNPATH_SEARCH_PATHS = (
					"$(inherited)",
					"@executable_path/Frameworks",
				);
				PRODUCT_BUNDLE_IDENTIFIER = me.prudhvi.Coffee;
				PRODUCT_NAME = "$(TARGET_NAME)";
				SWIFT_VERSION = 5.0;
				TARGETED_DEVICE_FAMILY = "1,2";
			};
			name = Release;
		};
/* End XCBuildConfiguration section */

/* Begin XCConfigurationList section */
		A47C6F87230EF2F10070F82F /* Build configuration list for PBXProject "Coffee" */ = {
			isa = XCConfigurationList;
			buildConfigurations = (
				A47C6F9E230EF2F20070F82F /* Debug */,
				A47C6F9F230EF2F20070F82F /* Release */,
			);
			defaultConfigurationIsVisible = 0;
			defaultConfigurationName = Release;
		};
		A47C6FA0230EF2F20070F82F /* Build configuration list for PBXNativeTarget "Coffee" */ = {
			isa = XCConfigurationList;
			buildConfigurations = (
				A47C6FA1230EF2F20070F82F /* Debug */,
				A47C6FA2230EF2F20070F82F /* Release */,
			);
			defaultConfigurationIsVisible = 0;
			defaultConfigurationName = Release;
		};
/* End XCConfigurationList section */
	};
	rootObject = A47C6F84230EF2F10070F82F /* Project object */;
}
