// !$*UTF8*$!
{
	archiveVersion = 1;
	classes = {
	};
	objectVersion = 50;
	objects = {

/* Begin PBXBuildFile section */
		A437B7FF2314C9B300D65140 /* MenuItemView.swift in Sources */ = {isa = PBXBuildFile; fileRef = A437B7FE2314C9B300D65140 /* MenuItemView.swift */; };
		A437B8012315870700D65140 /* MenuMultiList.swift in Sources */ = {isa = PBXBuildFile; fileRef = A437B8002315870700D65140 /* MenuMultiList.swift */; };
		A437B803231610FF00D65140 /* SideMenuItem.swift in Sources */ = {isa = PBXBuildFile; fileRef = A437B802231610FF00D65140 /* SideMenuItem.swift */; };
		A437B8052316122000D65140 /* MenuOptionButton.swift in Sources */ = {isa = PBXBuildFile; fileRef = A437B8042316122000D65140 /* MenuOptionButton.swift */; };
		A437B8072316124700D65140 /* SideMenuButton.swift in Sources */ = {isa = PBXBuildFile; fileRef = A437B8062316124700D65140 /* SideMenuButton.swift */; };
		A437B8092316128C00D65140 /* SideMenuRow.swift in Sources */ = {isa = PBXBuildFile; fileRef = A437B8082316128C00D65140 /* SideMenuRow.swift */; };
		A437B80B231612AF00D65140 /* MenuOptions.swift in Sources */ = {isa = PBXBuildFile; fileRef = A437B80A231612AF00D65140 /* MenuOptions.swift */; };
		A437B8112316163200D65140 /* Cart.swift in Sources */ = {isa = PBXBuildFile; fileRef = A437B8102316163200D65140 /* Cart.swift */; };
		A437B8132316165800D65140 /* CartRow.swift in Sources */ = {isa = PBXBuildFile; fileRef = A437B8122316165800D65140 /* CartRow.swift */; };
		A437B815231616E200D65140 /* CartList.swift in Sources */ = {isa = PBXBuildFile; fileRef = A437B814231616E200D65140 /* CartList.swift */; };
		A437B8172316192500D65140 /* CartItem.swift in Sources */ = {isa = PBXBuildFile; fileRef = A437B8162316192500D65140 /* CartItem.swift */; };
		A47C6F90230EF2F10070F82F /* AppDelegate.swift in Sources */ = {isa = PBXBuildFile; fileRef = A47C6F8F230EF2F10070F82F /* AppDelegate.swift */; };
		A47C6F92230EF2F10070F82F /* SceneDelegate.swift in Sources */ = {isa = PBXBuildFile; fileRef = A47C6F91230EF2F10070F82F /* SceneDelegate.swift */; };
		A47C6F94230EF2F10070F82F /* Rewards.swift in Sources */ = {isa = PBXBuildFile; fileRef = A47C6F93230EF2F10070F82F /* Rewards.swift */; };
		A47C6F96230EF2F20070F82F /* Assets.xcassets in Resources */ = {isa = PBXBuildFile; fileRef = A47C6F95230EF2F20070F82F /* Assets.xcassets */; };
		A47C6F99230EF2F20070F82F /* Preview Assets.xcassets in Resources */ = {isa = PBXBuildFile; fileRef = A47C6F98230EF2F20070F82F /* Preview Assets.xcassets */; };
		A47C6F9C230EF2F20070F82F /* LaunchScreen.storyboard in Resources */ = {isa = PBXBuildFile; fileRef = A47C6F9A230EF2F20070F82F /* LaunchScreen.storyboard */; };
		A47C6FA5230F12780070F82F /* Menu.swift in Sources */ = {isa = PBXBuildFile; fileRef = A47C6FA4230F12780070F82F /* Menu.swift */; };
		A47C6FA7230F291D0070F82F /* MenuList.swift in Sources */ = {isa = PBXBuildFile; fileRef = A47C6FA6230F291D0070F82F /* MenuList.swift */; };
		A47C6FA9230F42BB0070F82F /* BlurView.swift in Sources */ = {isa = PBXBuildFile; fileRef = A47C6FA8230F42BB0070F82F /* BlurView.swift */; };
		A47C6FAD230F59A10070F82F /* DataStore.swift in Sources */ = {isa = PBXBuildFile; fileRef = A47C6FAC230F59A10070F82F /* DataStore.swift */; };
		A47C6FAF230F59ED0070F82F /* MenuCategory.swift in Sources */ = {isa = PBXBuildFile; fileRef = A47C6FAE230F59ED0070F82F /* MenuCategory.swift */; };
		A47C6FC2230F652D0070F82F /* MenuItem.swift in Sources */ = {isa = PBXBuildFile; fileRef = A47C6FC1230F652D0070F82F /* MenuItem.swift */; };
		A47C6FC6230F71B60070F82F /* Double+Money.swift in Sources */ = {isa = PBXBuildFile; fileRef = A47C6FC5230F71B60070F82F /* Double+Money.swift */; };
		A4A0622023161C9C0050D6DF /* CustomStepper.swift in Sources */ = {isa = PBXBuildFile; fileRef = A4A0621F23161C9C0050D6DF /* CustomStepper.swift */; };
		A4A062222316DAA00050D6DF /* RootView.swift in Sources */ = {isa = PBXBuildFile; fileRef = A4A062212316DAA00050D6DF /* RootView.swift */; };
		A4EDD8DE23103AE00088F78A /* RewardsCardView.swift in Sources */ = {isa = PBXBuildFile; fileRef = A4EDD8DD23103AE00088F78A /* RewardsCardView.swift */; };
		A4EDD8E023103B6C0088F78A /* RewardsTitleView.swift in Sources */ = {isa = PBXBuildFile; fileRef = A4EDD8DF23103B6C0088F78A /* RewardsTitleView.swift */; };
		A4EDD8E5231041E20088F78A /* SideMenu.swift in Sources */ = {isa = PBXBuildFile; fileRef = A4EDD8E4231041E20088F78A /* SideMenu.swift */; };
		A4EE4A4D2310CB6F0079318C /* MenuTitle.swift in Sources */ = {isa = PBXBuildFile; fileRef = A4EE4A4C2310CB6F0079318C /* MenuTitle.swift */; };
		A4EE4A4F2310CBED0079318C /* MenuHeader.swift in Sources */ = {isa = PBXBuildFile; fileRef = A4EE4A4E2310CBED0079318C /* MenuHeader.swift */; };
/* End PBXBuildFile section */

/* Begin PBXFileReference section */
		A437B7FE2314C9B300D65140 /* MenuItemView.swift */ = {isa = PBXFileReference; lastKnownFileType = sourcecode.swift; path = MenuItemView.swift; sourceTree = "<group>"; };
		A437B8002315870700D65140 /* MenuMultiList.swift */ = {isa = PBXFileReference; lastKnownFileType = sourcecode.swift; path = MenuMultiList.swift; sourceTree = "<group>"; };
		A437B802231610FF00D65140 /* SideMenuItem.swift */ = {isa = PBXFileReference; lastKnownFileType = sourcecode.swift; path = SideMenuItem.swift; sourceTree = "<group>"; };
		A437B8042316122000D65140 /* MenuOptionButton.swift */ = {isa = PBXFileReference; lastKnownFileType = sourcecode.swift; path = MenuOptionButton.swift; sourceTree = "<group>"; };
		A437B8062316124700D65140 /* SideMenuButton.swift */ = {isa = PBXFileReference; lastKnownFileType = sourcecode.swift; path = SideMenuButton.swift; sourceTree = "<group>"; };
		A437B8082316128C00D65140 /* SideMenuRow.swift */ = {isa = PBXFileReference; lastKnownFileType = sourcecode.swift; path = SideMenuRow.swift; sourceTree = "<group>"; };
		A437B80A231612AF00D65140 /* MenuOptions.swift */ = {isa = PBXFileReference; lastKnownFileType = sourcecode.swift; path = MenuOptions.swift; sourceTree = "<group>"; };
		A437B8102316163200D65140 /* Cart.swift */ = {isa = PBXFileReference; lastKnownFileType = sourcecode.swift; path = Cart.swift; sourceTree = "<group>"; };
		A437B8122316165800D65140 /* CartRow.swift */ = {isa = PBXFileReference; lastKnownFileType = sourcecode.swift; path = CartRow.swift; sourceTree = "<group>"; };
		A437B814231616E200D65140 /* CartList.swift */ = {isa = PBXFileReference; lastKnownFileType = sourcecode.swift; path = CartList.swift; sourceTree = "<group>"; };
		A437B8162316192500D65140 /* CartItem.swift */ = {isa = PBXFileReference; lastKnownFileType = sourcecode.swift; path = CartItem.swift; sourceTree = "<group>"; };
		A47C6F8C230EF2F10070F82F /* Coffee.app */ = {isa = PBXFileReference; explicitFileType = wrapper.application; includeInIndex = 0; path = Coffee.app; sourceTree = BUILT_PRODUCTS_DIR; };
		A47C6F8F230EF2F10070F82F /* AppDelegate.swift */ = {isa = PBXFileReference; lastKnownFileType = sourcecode.swift; path = AppDelegate.swift; sourceTree = "<group>"; };
		A47C6F91230EF2F10070F82F /* SceneDelegate.swift */ = {isa = PBXFileReference; lastKnownFileType = sourcecode.swift; path = SceneDelegate.swift; sourceTree = "<group>"; };
		A47C6F93230EF2F10070F82F /* Rewards.swift */ = {isa = PBXFileReference; lastKnownFileType = sourcecode.swift; path = Rewards.swift; sourceTree = "<group>"; };
		A47C6F95230EF2F20070F82F /* Assets.xcassets */ = {isa = PBXFileReference; lastKnownFileType = folder.assetcatalog; path = Assets.xcassets; sourceTree = "<group>"; };
		A47C6F98230EF2F20070F82F /* Preview Assets.xcassets */ = {isa = PBXFileReference; lastKnownFileType = folder.assetcatalog; path = "Preview Assets.xcassets"; sourceTree = "<group>"; };
		A47C6F9B230EF2F20070F82F /* Base */ = {isa = PBXFileReference; lastKnownFileType = file.storyboard; name = Base; path = Base.lproj/LaunchScreen.storyboard; sourceTree = "<group>"; };
		A47C6F9D230EF2F20070F82F /* Info.plist */ = {isa = PBXFileReference; lastKnownFileType = text.plist.xml; path = Info.plist; sourceTree = "<group>"; };
		A47C6FA4230F12780070F82F /* Menu.swift */ = {isa = PBXFileReference; lastKnownFileType = sourcecode.swift; path = Menu.swift; sourceTree = "<group>"; };
		A47C6FA6230F291D0070F82F /* MenuList.swift */ = {isa = PBXFileReference; lastKnownFileType = sourcecode.swift; path = MenuList.swift; sourceTree = "<group>"; };
		A47C6FA8230F42BB0070F82F /* BlurView.swift */ = {isa = PBXFileReference; lastKnownFileType = sourcecode.swift; path = BlurView.swift; sourceTree = "<group>"; };
		A47C6FAC230F59A10070F82F /* DataStore.swift */ = {isa = PBXFileReference; lastKnownFileType = sourcecode.swift; path = DataStore.swift; sourceTree = "<group>"; };
		A47C6FAE230F59ED0070F82F /* MenuCategory.swift */ = {isa = PBXFileReference; lastKnownFileType = sourcecode.swift; path = MenuCategory.swift; sourceTree = "<group>"; };
		A47C6FC1230F652D0070F82F /* MenuItem.swift */ = {isa = PBXFileReference; lastKnownFileType = sourcecode.swift; path = MenuItem.swift; sourceTree = "<group>"; };
		A47C6FC5230F71B60070F82F /* Double+Money.swift */ = {isa = PBXFileReference; lastKnownFileType = sourcecode.swift; path = "Double+Money.swift"; sourceTree = "<group>"; };
		A4A0621F23161C9C0050D6DF /* CustomStepper.swift */ = {isa = PBXFileReference; lastKnownFileType = sourcecode.swift; path = CustomStepper.swift; sourceTree = "<group>"; };
		A4A062212316DAA00050D6DF /* RootView.swift */ = {isa = PBXFileReference; lastKnownFileType = sourcecode.swift; path = RootView.swift; sourceTree = "<group>"; };
		A4EDD8DD23103AE00088F78A /* RewardsCardView.swift */ = {isa = PBXFileReference; lastKnownFileType = sourcecode.swift; path = RewardsCardView.swift; sourceTree = "<group>"; };
		A4EDD8DF23103B6C0088F78A /* RewardsTitleView.swift */ = {isa = PBXFileReference; lastKnownFileType = sourcecode.swift; path = RewardsTitleView.swift; sourceTree = "<group>"; };
		A4EDD8E4231041E20088F78A /* SideMenu.swift */ = {isa = PBXFileReference; lastKnownFileType = sourcecode.swift; path = SideMenu.swift; sourceTree = "<group>"; };
		A4EE4A4C2310CB6F0079318C /* MenuTitle.swift */ = {isa = PBXFileReference; lastKnownFileType = sourcecode.swift; path = MenuTitle.swift; sourceTree = "<group>"; };
		A4EE4A4E2310CBED0079318C /* MenuHeader.swift */ = {isa = PBXFileReference; lastKnownFileType = sourcecode.swift; path = MenuHeader.swift; sourceTree = "<group>"; };
/* End PBXFileReference section */

/* Begin PBXFrameworksBuildPhase section */
		A47C6F89230EF2F10070F82F /* Frameworks */ = {
			isa = PBXFrameworksBuildPhase;
			buildActionMask = 2147483647;
			files = (
			);
			runOnlyForDeploymentPostprocessing = 0;
		};
/* End PBXFrameworksBuildPhase section */

/* Begin PBXGroup section */
		A437B80D231613A600D65140 /* MenuHeader */ = {
			isa = PBXGroup;
			children = (
				A4EE4A4E2310CBED0079318C /* MenuHeader.swift */,
				A4EE4A4C2310CB6F0079318C /* MenuTitle.swift */,
				A437B8062316124700D65140 /* SideMenuButton.swift */,
				A437B80A231612AF00D65140 /* MenuOptions.swift */,
				A437B8042316122000D65140 /* MenuOptionButton.swift */,
			);
			path = MenuHeader;
			sourceTree = "<group>";
		};
		A437B80E231613E000D65140 /* Menu */ = {
			isa = PBXGroup;
			children = (
				A47C6FA4230F12780070F82F /* Menu.swift */,
				A437B8002315870700D65140 /* MenuMultiList.swift */,
				A47C6FA6230F291D0070F82F /* MenuList.swift */,
				A437B7FE2314C9B300D65140 /* MenuItemView.swift */,
			);
			path = Menu;
			sourceTree = "<group>";
		};
		A437B80F2316161800D65140 /* Cart */ = {
			isa = PBXGroup;
			children = (
				A437B8102316163200D65140 /* Cart.swift */,
				A437B814231616E200D65140 /* CartList.swift */,
				A437B8122316165800D65140 /* CartRow.swift */,
			);
			path = Cart;
			sourceTree = "<group>";
		};
		A47C6F83230EF2F10070F82F = {
			isa = PBXGroup;
			children = (
				A47C6F8E230EF2F10070F82F /* Coffee */,
				A47C6F8D230EF2F10070F82F /* Products */,
			);
			sourceTree = "<group>";
		};
		A47C6F8D230EF2F10070F82F /* Products */ = {
			isa = PBXGroup;
			children = (
				A47C6F8C230EF2F10070F82F /* Coffee.app */,
			);
			name = Products;
			sourceTree = "<group>";
		};
		A47C6F8E230EF2F10070F82F /* Coffee */ = {
			isa = PBXGroup;
			children = (
				A47C6F8F230EF2F10070F82F /* AppDelegate.swift */,
				A47C6F91230EF2F10070F82F /* SceneDelegate.swift */,
				A4A062212316DAA00050D6DF /* RootView.swift */,
				A47C6FB4230F629C0070F82F /* Views */,
				A47C6FB3230F62890070F82F /* Models */,
				A47C6FB2230F62800070F82F /* Data */,
				A47C6FB5230F62A90070F82F /* Extensions */,
				A47C6FA3230EF5A00070F82F /* Resources */,
				A47C6F97230EF2F20070F82F /* Preview Content */,
			);
			path = Coffee;
			sourceTree = "<group>";
		};
		A47C6F97230EF2F20070F82F /* Preview Content */ = {
			isa = PBXGroup;
			children = (
				A47C6F98230EF2F20070F82F /* Preview Assets.xcassets */,
			);
			path = "Preview Content";
			sourceTree = "<group>";
		};
		A47C6FA3230EF5A00070F82F /* Resources */ = {
			isa = PBXGroup;
			children = (
				A47C6F95230EF2F20070F82F /* Assets.xcassets */,
				A47C6F9A230EF2F20070F82F /* LaunchScreen.storyboard */,
				A47C6F9D230EF2F20070F82F /* Info.plist */,
			);
			path = Resources;
			sourceTree = "<group>";
		};
		A47C6FB2230F62800070F82F /* Data */ = {
			isa = PBXGroup;
			children = (
				A47C6FAC230F59A10070F82F /* DataStore.swift */,
			);
			path = Data;
			sourceTree = "<group>";
		};
		A47C6FB3230F62890070F82F /* Models */ = {
			isa = PBXGroup;
			children = (
				A47C6FAE230F59ED0070F82F /* MenuCategory.swift */,
				A47C6FC1230F652D0070F82F /* MenuItem.swift */,
				A437B802231610FF00D65140 /* SideMenuItem.swift */,
				A437B8162316192500D65140 /* CartItem.swift */,
			);
			path = Models;
			sourceTree = "<group>";
		};
		A47C6FB4230F629C0070F82F /* Views */ = {
			isa = PBXGroup;
			children = (
				A47C6FB7230F63010070F82F /* Menu */,
				A4EDD8E3231041C60088F78A /* SideMenu */,
				A47C6FB8230F631D0070F82F /* Rewards */,
				A437B80F2316161800D65140 /* Cart */,
				A47C6FB6230F62F20070F82F /* Components */,
			);
			path = Views;
			sourceTree = "<group>";
		};
		A47C6FB5230F62A90070F82F /* Extensions */ = {
			isa = PBXGroup;
			children = (
				A47C6FC5230F71B60070F82F /* Double+Money.swift */,
			);
			path = Extensions;
			sourceTree = "<group>";
		};
		A47C6FB6230F62F20070F82F /* Components */ = {
			isa = PBXGroup;
			children = (
				A47C6FA8230F42BB0070F82F /* BlurView.swift */,
				A4A0621F23161C9C0050D6DF /* CustomStepper.swift */,
			);
			path = Components;
			sourceTree = "<group>";
		};
		A47C6FB7230F63010070F82F /* Menu */ = {
			isa = PBXGroup;
			children = (
				A437B80E231613E000D65140 /* Menu */,
				A437B80D231613A600D65140 /* MenuHeader */,
			);
			path = Menu;
			sourceTree = "<group>";
		};
		A47C6FB8230F631D0070F82F /* Rewards */ = {
			isa = PBXGroup;
			children = (
				A47C6F93230EF2F10070F82F /* Rewards.swift */,
				A4EDD8DD23103AE00088F78A /* RewardsCardView.swift */,
				A4EDD8DF23103B6C0088F78A /* RewardsTitleView.swift */,
			);
			path = Rewards;
			sourceTree = "<group>";
		};
		A4EDD8E3231041C60088F78A /* SideMenu */ = {
			isa = PBXGroup;
			children = (
				A4EDD8E4231041E20088F78A /* SideMenu.swift */,
				A437B8082316128C00D65140 /* SideMenuRow.swift */,
			);
			path = SideMenu;
			sourceTree = "<group>";
		};
/* End PBXGroup section */

/* Begin PBXNativeTarget section */
		A47C6F8B230EF2F10070F82F /* Coffee */ = {
			isa = PBXNativeTarget;
			buildConfigurationList = A47C6FA0230EF2F20070F82F /* Build configuration list for PBXNativeTarget "Coffee" */;
			buildPhases = (
				A47C6F88230EF2F10070F82F /* Sources */,
				A47C6F89230EF2F10070F82F /* Frameworks */,
				A47C6F8A230EF2F10070F82F /* Resources */,
			);
			buildRules = (
			);
			dependencies = (
			);
			name = Coffee;
			productName = Coffee;
			productReference = A47C6F8C230EF2F10070F82F /* Coffee.app */;
			productType = "com.apple.product-type.application";
		};
/* End PBXNativeTarget section */

/* Begin PBXProject section */
		A47C6F84230EF2F10070F82F /* Project object */ = {
			isa = PBXProject;
			attributes = {
				LastSwiftUpdateCheck = 1100;
				LastUpgradeCheck = 1100;
				ORGANIZATIONNAME = "Prudhvi Gadiraju";
				TargetAttributes = {
					A47C6F8B230EF2F10070F82F = {
						CreatedOnToolsVersion = 11.0;
					};
				};
			};
			buildConfigurationList = A47C6F87230EF2F10070F82F /* Build configuration list for PBXProject "Coffee" */;
			compatibilityVersion = "Xcode 9.3";
			developmentRegion = en;
			hasScannedForEncodings = 0;
			knownRegions = (
				en,
				Base,
			);
			mainGroup = A47C6F83230EF2F10070F82F;
			productRefGroup = A47C6F8D230EF2F10070F82F /* Products */;
			projectDirPath = "";
			projectRoot = "";
			targets = (
				A47C6F8B230EF2F10070F82F /* Coffee */,
			);
		};
/* End PBXProject section */

/* Begin PBXResourcesBuildPhase section */
		A47C6F8A230EF2F10070F82F /* Resources */ = {
			isa = PBXResourcesBuildPhase;
			buildActionMask = 2147483647;
			files = (
				A47C6F9C230EF2F20070F82F /* LaunchScreen.storyboard in Resources */,
				A47C6F99230EF2F20070F82F /* Preview Assets.xcassets in Resources */,
				A47C6F96230EF2F20070F82F /* Assets.xcassets in Resources */,
			);
			runOnlyForDeploymentPostprocessing = 0;
		};
/* End PBXResourcesBuildPhase section */

/* Begin PBXSourcesBuildPhase section */
		A47C6F88230EF2F10070F82F /* Sources */ = {
			isa = PBXSourcesBuildPhase;
			buildActionMask = 2147483647;
			files = (
				A437B7FF2314C9B300D65140 /* MenuItemView.swift in Sources */,
				A437B8072316124700D65140 /* SideMenuButton.swift in Sources */,
				A47C6F90230EF2F10070F82F /* AppDelegate.swift in Sources */,
				A437B815231616E200D65140 /* CartList.swift in Sources */,
				A4A062222316DAA00050D6DF /* RootView.swift in Sources */,
				A4EDD8DE23103AE00088F78A /* RewardsCardView.swift in Sources */,
				A47C6FAD230F59A10070F82F /* DataStore.swift in Sources */,
				A437B80B231612AF00D65140 /* MenuOptions.swift in Sources */,
				A47C6FA7230F291D0070F82F /* MenuList.swift in Sources */,
				A4A0622023161C9C0050D6DF /* CustomStepper.swift in Sources */,
				A47C6F92230EF2F10070F82F /* SceneDelegate.swift in Sources */,
				A437B803231610FF00D65140 /* SideMenuItem.swift in Sources */,
				A4EDD8E5231041E20088F78A /* SideMenu.swift in Sources */,
				A437B8132316165800D65140 /* CartRow.swift in Sources */,
				A47C6FC6230F71B60070F82F /* Double+Money.swift in Sources */,
				A47C6FC2230F652D0070F82F /* MenuItem.swift in Sources */,
				A437B8112316163200D65140 /* Cart.swift in Sources */,
				A4EDD8E023103B6C0088F78A /* RewardsTitleView.swift in Sources */,
				A47C6FA5230F12780070F82F /* Menu.swift in Sources */,
				A47C6F94230EF2F10070F82F /* Rewards.swift in Sources */,
				A4EE4A4F2310CBED0079318C /* MenuHeader.swift in Sources */,
				A437B8052316122000D65140 /* MenuOptionButton.swift in Sources */,
				A47C6FA9230F42BB0070F82F /* BlurView.swift in Sources */,
				A437B8092316128C00D65140 /* SideMenuRow.swift in Sources */,
				A437B8012315870700D65140 /* MenuMultiList.swift in Sources */,
				A4EE4A4D2310CB6F0079318C /* MenuTitle.swift in Sources */,
				A437B8172316192500D65140 /* CartItem.swift in Sources */,
				A47C6FAF230F59ED0070F82F /* MenuCategory.swift in Sources */,
			);
			runOnlyForDeploymentPostprocessing = 0;
		};
/* End PBXSourcesBuildPhase section */

/* Begin PBXVariantGroup section */
		A47C6F9A230EF2F20070F82F /* LaunchScreen.storyboard */ = {
			isa = PBXVariantGroup;
			children = (
				A47C6F9B230EF2F20070F82F /* Base */,
			);
			name = LaunchScreen.storyboard;
			sourceTree = "<group>";
		};
/* End PBXVariantGroup section */

/* Begin XCBuildConfiguration section */
		A47C6F9E230EF2F20070F82F /* Debug */ = {
			isa = XCBuildConfiguration;
			buildSettings = {
				ALWAYS_SEARCH_USER_PATHS = NO;
				CLANG_ANALYZER_NONNULL = YES;
				CLANG_ANALYZER_NUMBER_OBJECT_CONVERSION = YES_AGGRESSIVE;
				CLANG_CXX_LANGUAGE_STANDARD = "gnu++14";
				CLANG_CXX_LIBRARY = "libc++";
				CLANG_ENABLE_MODULES = YES;
				CLANG_ENABLE_OBJC_ARC = YES;
				CLANG_ENABLE_OBJC_WEAK = YES;
				CLANG_WARN_BLOCK_CAPTURE_AUTORELEASING = YES;
				CLANG_WARN_BOOL_CONVERSION = YES;
				CLANG_WARN_COMMA = YES;
				CLANG_WARN_CONSTANT_CONVERSION = YES;
				CLANG_WARN_DEPRECATED_OBJC_IMPLEMENTATIONS = YES;
				CLANG_WARN_DIRECT_OBJC_ISA_USAGE = YES_ERROR;
				CLANG_WARN_DOCUMENTATION_COMMENTS = YES;
				CLANG_WARN_EMPTY_BODY = YES;
				CLANG_WARN_ENUM_CONVERSION = YES;
				CLANG_WARN_INFINITE_RECURSION = YES;
				CLANG_WARN_INT_CONVERSION = YES;
				CLANG_WARN_NON_LITERAL_NULL_CONVERSION = YES;
				CLANG_WARN_OBJC_IMPLICIT_RETAIN_SELF = YES;
				CLANG_WARN_OBJC_LITERAL_CONVERSION = YES;
				CLANG_WARN_OBJC_ROOT_CLASS = YES_ERROR;
				CLANG_WARN_RANGE_LOOP_ANALYSIS = YES;
				CLANG_WARN_STRICT_PROTOTYPES = YES;
				CLANG_WARN_SUSPICIOUS_MOVE = YES;
				CLANG_WARN_UNGUARDED_AVAILABILITY = YES_AGGRESSIVE;
				CLANG_WARN_UNREACHABLE_CODE = YES;
				CLANG_WARN__DUPLICATE_METHOD_MATCH = YES;
				COPY_PHASE_STRIP = NO;
				DEBUG_INFORMATION_FORMAT = dwarf;
				ENABLE_STRICT_OBJC_MSGSEND = YES;
				ENABLE_TESTABILITY = YES;
				GCC_C_LANGUAGE_STANDARD = gnu11;
				GCC_DYNAMIC_NO_PIC = NO;
				GCC_NO_COMMON_BLOCKS = YES;
				GCC_OPTIMIZATION_LEVEL = 0;
				GCC_PREPROCESSOR_DEFINITIONS = (
					"DEBUG=1",
					"$(inherited)",
				);
				GCC_WARN_64_TO_32_BIT_CONVERSION = YES;
				GCC_WARN_ABOUT_RETURN_TYPE = YES_ERROR;
				GCC_WARN_UNDECLARED_SELECTOR = YES;
				GCC_WARN_UNINITIALIZED_AUTOS = YES_AGGRESSIVE;
				GCC_WARN_UNUSED_FUNCTION = YES;
				GCC_WARN_UNUSED_VARIABLE = YES;
				IPHONEOS_DEPLOYMENT_TARGET = 13.0;
				MTL_ENABLE_DEBUG_INFO = INCLUDE_SOURCE;
				MTL_FAST_MATH = YES;
				ONLY_ACTIVE_ARCH = YES;
				SDKROOT = iphoneos;
				SWIFT_ACTIVE_COMPILATION_CONDITIONS = DEBUG;
				SWIFT_OPTIMIZATION_LEVEL = "-Onone";
			};
			name = Debug;
		};
		A47C6F9F230EF2F20070F82F /* Release */ = {
			isa = XCBuildConfiguration;
			buildSettings = {
				ALWAYS_SEARCH_USER_PATHS = NO;
				CLANG_ANALYZER_NONNULL = YES;
				CLANG_ANALYZER_NUMBER_OBJECT_CONVERSION = YES_AGGRESSIVE;
				CLANG_CXX_LANGUAGE_STANDARD = "gnu++14";
				CLANG_CXX_LIBRARY = "libc++";
				CLANG_ENABLE_MODULES = YES;
				CLANG_ENABLE_OBJC_ARC = YES;
				CLANG_ENABLE_OBJC_WEAK = YES;
				CLANG_WARN_BLOCK_CAPTURE_AUTORELEASING = YES;
				CLANG_WARN_BOOL_CONVERSION = YES;
				CLANG_WARN_COMMA = YES;
				CLANG_WARN_CONSTANT_CONVERSION = YES;
				CLANG_WARN_DEPRECATED_OBJC_IMPLEMENTATIONS = YES;
				CLANG_WARN_DIRECT_OBJC_ISA_USAGE = YES_ERROR;
				CLANG_WARN_DOCUMENTATION_COMMENTS = YES;
				CLANG_WARN_EMPTY_BODY = YES;
				CLANG_WARN_ENUM_CONVERSION = YES;
				CLANG_WARN_INFINITE_RECURSION = YES;
				CLANG_WARN_INT_CONVERSION = YES;
				CLANG_WARN_NON_LITERAL_NULL_CONVERSION = YES;
				CLANG_WARN_OBJC_IMPLICIT_RETAIN_SELF = YES;
				CLANG_WARN_OBJC_LITERAL_CONVERSION = YES;
				CLANG_WARN_OBJC_ROOT_CLASS = YES_ERROR;
				CLANG_WARN_RANGE_LOOP_ANALYSIS = YES;
				CLANG_WARN_STRICT_PROTOTYPES = YES;
				CLANG_WARN_SUSPICIOUS_MOVE = YES;
				CLANG_WARN_UNGUARDED_AVAILABILITY = YES_AGGRESSIVE;
				CLANG_WARN_UNREACHABLE_CODE = YES;
				CLANG_WARN__DUPLICATE_METHOD_MATCH = YES;
				COPY_PHASE_STRIP = NO;
				DEBUG_INFORMATION_FORMAT = "dwarf-with-dsym";
				ENABLE_NS_ASSERTIONS = NO;
				ENABLE_STRICT_OBJC_MSGSEND = YES;
				GCC_C_LANGUAGE_STANDARD = gnu11;
				GCC_NO_COMMON_BLOCKS = YES;
				GCC_WARN_64_TO_32_BIT_CONVERSION = YES;
				GCC_WARN_ABOUT_RETURN_TYPE = YES_ERROR;
				GCC_WARN_UNDECLARED_SELECTOR = YES;
				GCC_WARN_UNINITIALIZED_AUTOS = YES_AGGRESSIVE;
				GCC_WARN_UNUSED_FUNCTION = YES;
				GCC_WARN_UNUSED_VARIABLE = YES;
				IPHONEOS_DEPLOYMENT_TARGET = 13.0;
				MTL_ENABLE_DEBUG_INFO = NO;
				MTL_FAST_MATH = YES;
				SDKROOT = iphoneos;
				SWIFT_COMPILATION_MODE = wholemodule;
				SWIFT_OPTIMIZATION_LEVEL = "-O";
				VALIDATE_PRODUCT = YES;
			};
			name = Release;
		};
		A47C6FA1230EF2F20070F82F /* Debug */ = {
			isa = XCBuildConfiguration;
			buildSettings = {
				ASSETCATALOG_COMPILER_APPICON_NAME = AppIcon;
				CODE_SIGN_STYLE = Automatic;
				DEVELOPMENT_ASSET_PATHS = "\"Coffee/Preview Content\"";
				DEVELOPMENT_TEAM = 4479HNAQMJ;
				ENABLE_PREVIEWS = YES;
				INFOPLIST_FILE = Coffee/Resources/Info.plist;
				IPHONEOS_DEPLOYMENT_TARGET = 13.0;
				LD_RUNPATH_SEARCH_PATHS = (
					"$(inherited)",
					"@executable_path/Frameworks",
				);
				PRODUCT_BUNDLE_IDENTIFIER = me.prudhvi.Coffee;
				PRODUCT_NAME = "$(TARGET_NAME)";
				SWIFT_VERSION = 5.0;
				TARGETED_DEVICE_FAMILY = "1,2";
			};
			name = Debug;
		};
		A47C6FA2230EF2F20070F82F /* Release */ = {
			isa = XCBuildConfiguration;
			buildSettings = {
				ASSETCATALOG_COMPILER_APPICON_NAME = AppIcon;
				CODE_SIGN_STYLE = Automatic;
				DEVELOPMENT_ASSET_PATHS = "\"Coffee/Preview Content\"";
				DEVELOPMENT_TEAM = 4479HNAQMJ;
				ENABLE_PREVIEWS = YES;
				INFOPLIST_FILE = Coffee/Resources/Info.plist;
				IPHONEOS_DEPLOYMENT_TARGET = 13.0;
				LD_RUNPATH_SEARCH_PATHS = (
					"$(inherited)",
					"@executable_path/Frameworks",
				);
				PRODUCT_BUNDLE_IDENTIFIER = me.prudhvi.Coffee;
				PRODUCT_NAME = "$(TARGET_NAME)";
				SWIFT_VERSION = 5.0;
				TARGETED_DEVICE_FAMILY = "1,2";
			};
			name = Release;
		};
/* End XCBuildConfiguration section */

/* Begin XCConfigurationList section */
		A47C6F87230EF2F10070F82F /* Build configuration list for PBXProject "Coffee" */ = {
			isa = XCConfigurationList;
			buildConfigurations = (
				A47C6F9E230EF2F20070F82F /* Debug */,
				A47C6F9F230EF2F20070F82F /* Release */,
			);
			defaultConfigurationIsVisible = 0;
			defaultConfigurationName = Release;
		};
		A47C6FA0230EF2F20070F82F /* Build configuration list for PBXNativeTarget "Coffee" */ = {
			isa = XCConfigurationList;
			buildConfigurations = (
				A47C6FA1230EF2F20070F82F /* Debug */,
				A47C6FA2230EF2F20070F82F /* Release */,
			);
			defaultConfigurationIsVisible = 0;
			defaultConfigurationName = Release;
		};
/* End XCConfigurationList section */
	};
	rootObject = A47C6F84230EF2F10070F82F /* Project object */;
}
